// !$*UTF8*$!
{
	archiveVersion = 1;
	classes = {
	};
	objectVersion = 55;
	objects = {

/* Begin PBXBuildFile section */
		95DC02F9275AD3FA00D2577E /* AppDelegate.swift in Sources */ = {isa = PBXBuildFile; fileRef = 95DC02F8275AD3FA00D2577E /* AppDelegate.swift */; };
		95DC02FB275AD3FA00D2577E /* SceneDelegate.swift in Sources */ = {isa = PBXBuildFile; fileRef = 95DC02FA275AD3FA00D2577E /* SceneDelegate.swift */; };
		95DC02FD275AD3FA00D2577E /* MovieListVC.swift in Sources */ = {isa = PBXBuildFile; fileRef = 95DC02FC275AD3FA00D2577E /* MovieListVC.swift */; };
		95DC0300275AD3FA00D2577E /* Main.storyboard in Resources */ = {isa = PBXBuildFile; fileRef = 95DC02FE275AD3FA00D2577E /* Main.storyboard */; };
		95DC0302275AD3FC00D2577E /* Assets.xcassets in Resources */ = {isa = PBXBuildFile; fileRef = 95DC0301275AD3FC00D2577E /* Assets.xcassets */; };
		95DC0305275AD3FC00D2577E /* LaunchScreen.storyboard in Resources */ = {isa = PBXBuildFile; fileRef = 95DC0303275AD3FC00D2577E /* LaunchScreen.storyboard */; };
		95DC0310275AD3FC00D2577E /* InfinityMoviesTests.swift in Sources */ = {isa = PBXBuildFile; fileRef = 95DC030F275AD3FC00D2577E /* InfinityMoviesTests.swift */; };
		95DC031A275AD3FC00D2577E /* InfinityMoviesUITests.swift in Sources */ = {isa = PBXBuildFile; fileRef = 95DC0319275AD3FC00D2577E /* InfinityMoviesUITests.swift */; };
		95DC031C275AD3FC00D2577E /* InfinityMoviesUITestsLaunchTests.swift in Sources */ = {isa = PBXBuildFile; fileRef = 95DC031B275AD3FC00D2577E /* InfinityMoviesUITestsLaunchTests.swift */; };
		95DC032C275BFCCE00D2577E /* MovieTableData.swift in Sources */ = {isa = PBXBuildFile; fileRef = 95DC032B275BFCCE00D2577E /* MovieTableData.swift */; };
		95DC032F275BFD7300D2577E /* DataManager.swift in Sources */ = {isa = PBXBuildFile; fileRef = 95DC032E275BFD7300D2577E /* DataManager.swift */; };
		95DC0331275C0B3D00D2577E /* MovieCell.swift in Sources */ = {isa = PBXBuildFile; fileRef = 95DC0330275C0B3D00D2577E /* MovieCell.swift */; };
		95DC0333275C15D400D2577E /* APIKEY.txt in Resources */ = {isa = PBXBuildFile; fileRef = 95DC0332275C15D400D2577E /* APIKEY.txt */; };
		95DC0334275C15D400D2577E /* APIKEY.txt in Resources */ = {isa = PBXBuildFile; fileRef = 95DC0332275C15D400D2577E /* APIKEY.txt */; };
		95DC0335275C15D400D2577E /* APIKEY.txt in Resources */ = {isa = PBXBuildFile; fileRef = 95DC0332275C15D400D2577E /* APIKEY.txt */; };
		95DF0727275C280100A5713C /* Extensions.swift in Sources */ = {isa = PBXBuildFile; fileRef = 95DF0726275C280100A5713C /* Extensions.swift */; };
		95DF0729275C41AC00A5713C /* SingleMovieData.swift in Sources */ = {isa = PBXBuildFile; fileRef = 95DF0728275C41AC00A5713C /* SingleMovieData.swift */; };
		95DF072B275C45F900A5713C /* MovieInfoVC.swift in Sources */ = {isa = PBXBuildFile; fileRef = 95DF072A275C45F900A5713C /* MovieInfoVC.swift */; };
/* End PBXBuildFile section */

/* Begin PBXContainerItemProxy section */
		95DC030C275AD3FC00D2577E /* PBXContainerItemProxy */ = {
			isa = PBXContainerItemProxy;
			containerPortal = 95DC02ED275AD3FA00D2577E /* Project object */;
			proxyType = 1;
			remoteGlobalIDString = 95DC02F4275AD3FA00D2577E;
			remoteInfo = InfinityMovies;
		};
		95DC0316275AD3FC00D2577E /* PBXContainerItemProxy */ = {
			isa = PBXContainerItemProxy;
			containerPortal = 95DC02ED275AD3FA00D2577E /* Project object */;
			proxyType = 1;
			remoteGlobalIDString = 95DC02F4275AD3FA00D2577E;
			remoteInfo = InfinityMovies;
		};
/* End PBXContainerItemProxy section */

/* Begin PBXFileReference section */
		95DC02F5275AD3FA00D2577E /* InfinityMovies.app */ = {isa = PBXFileReference; explicitFileType = wrapper.application; includeInIndex = 0; path = InfinityMovies.app; sourceTree = BUILT_PRODUCTS_DIR; };
		95DC02F8275AD3FA00D2577E /* AppDelegate.swift */ = {isa = PBXFileReference; lastKnownFileType = sourcecode.swift; path = AppDelegate.swift; sourceTree = "<group>"; };
		95DC02FA275AD3FA00D2577E /* SceneDelegate.swift */ = {isa = PBXFileReference; lastKnownFileType = sourcecode.swift; path = SceneDelegate.swift; sourceTree = "<group>"; };
		95DC02FC275AD3FA00D2577E /* MovieListVC.swift */ = {isa = PBXFileReference; lastKnownFileType = sourcecode.swift; path = MovieListVC.swift; sourceTree = "<group>"; };
		95DC02FF275AD3FA00D2577E /* Base */ = {isa = PBXFileReference; lastKnownFileType = file.storyboard; name = Base; path = Base.lproj/Main.storyboard; sourceTree = "<group>"; };
		95DC0301275AD3FC00D2577E /* Assets.xcassets */ = {isa = PBXFileReference; lastKnownFileType = folder.assetcatalog; path = Assets.xcassets; sourceTree = "<group>"; };
		95DC0304275AD3FC00D2577E /* Base */ = {isa = PBXFileReference; lastKnownFileType = file.storyboard; name = Base; path = Base.lproj/LaunchScreen.storyboard; sourceTree = "<group>"; };
		95DC0306275AD3FC00D2577E /* Info.plist */ = {isa = PBXFileReference; lastKnownFileType = text.plist.xml; path = Info.plist; sourceTree = "<group>"; };
		95DC030B275AD3FC00D2577E /* InfinityMoviesTests.xctest */ = {isa = PBXFileReference; explicitFileType = wrapper.cfbundle; includeInIndex = 0; path = InfinityMoviesTests.xctest; sourceTree = BUILT_PRODUCTS_DIR; };
		95DC030F275AD3FC00D2577E /* InfinityMoviesTests.swift */ = {isa = PBXFileReference; lastKnownFileType = sourcecode.swift; path = InfinityMoviesTests.swift; sourceTree = "<group>"; };
		95DC0315275AD3FC00D2577E /* InfinityMoviesUITests.xctest */ = {isa = PBXFileReference; explicitFileType = wrapper.cfbundle; includeInIndex = 0; path = InfinityMoviesUITests.xctest; sourceTree = BUILT_PRODUCTS_DIR; };
		95DC0319275AD3FC00D2577E /* InfinityMoviesUITests.swift */ = {isa = PBXFileReference; lastKnownFileType = sourcecode.swift; path = InfinityMoviesUITests.swift; sourceTree = "<group>"; };
		95DC031B275AD3FC00D2577E /* InfinityMoviesUITestsLaunchTests.swift */ = {isa = PBXFileReference; lastKnownFileType = sourcecode.swift; path = InfinityMoviesUITestsLaunchTests.swift; sourceTree = "<group>"; };
		95DC032B275BFCCE00D2577E /* MovieTableData.swift */ = {isa = PBXFileReference; lastKnownFileType = sourcecode.swift; path = MovieTableData.swift; sourceTree = "<group>"; };
		95DC032E275BFD7300D2577E /* DataManager.swift */ = {isa = PBXFileReference; lastKnownFileType = sourcecode.swift; path = DataManager.swift; sourceTree = "<group>"; };
		95DC0330275C0B3D00D2577E /* MovieCell.swift */ = {isa = PBXFileReference; lastKnownFileType = sourcecode.swift; path = MovieCell.swift; sourceTree = "<group>"; };
		95DC0332275C15D400D2577E /* APIKEY.txt */ = {isa = PBXFileReference; fileEncoding = 4; lastKnownFileType = text; name = APIKEY.txt; path = InfinityMovies/APIKEY.txt; sourceTree = SOURCE_ROOT; };
		95DF0726275C280100A5713C /* Extensions.swift */ = {isa = PBXFileReference; lastKnownFileType = sourcecode.swift; path = Extensions.swift; sourceTree = "<group>"; };
		95DF0728275C41AC00A5713C /* SingleMovieData.swift */ = {isa = PBXFileReference; lastKnownFileType = sourcecode.swift; path = SingleMovieData.swift; sourceTree = "<group>"; };
		95DF072A275C45F900A5713C /* MovieInfoVC.swift */ = {isa = PBXFileReference; lastKnownFileType = sourcecode.swift; path = MovieInfoVC.swift; sourceTree = "<group>"; };
/* End PBXFileReference section */

/* Begin PBXFrameworksBuildPhase section */
		95DC02F2275AD3FA00D2577E /* Frameworks */ = {
			isa = PBXFrameworksBuildPhase;
			buildActionMask = 2147483647;
			files = (
			);
			runOnlyForDeploymentPostprocessing = 0;
		};
		95DC0308275AD3FC00D2577E /* Frameworks */ = {
			isa = PBXFrameworksBuildPhase;
			buildActionMask = 2147483647;
			files = (
			);
			runOnlyForDeploymentPostprocessing = 0;
		};
		95DC0312275AD3FC00D2577E /* Frameworks */ = {
			isa = PBXFrameworksBuildPhase;
			buildActionMask = 2147483647;
			files = (
			);
			runOnlyForDeploymentPostprocessing = 0;
		};
/* End PBXFrameworksBuildPhase section */

/* Begin PBXGroup section */
		95DC02EC275AD3FA00D2577E = {
			isa = PBXGroup;
			children = (
				95DC02F7275AD3FA00D2577E /* InfinityMovies */,
				95DC030E275AD3FC00D2577E /* InfinityMoviesTests */,
				95DC0318275AD3FC00D2577E /* InfinityMoviesUITests */,
				95DC02F6275AD3FA00D2577E /* Products */,
			);
			sourceTree = "<group>";
		};
		95DC02F6275AD3FA00D2577E /* Products */ = {
			isa = PBXGroup;
			children = (
				95DC02F5275AD3FA00D2577E /* InfinityMovies.app */,
				95DC030B275AD3FC00D2577E /* InfinityMoviesTests.xctest */,
				95DC0315275AD3FC00D2577E /* InfinityMoviesUITests.xctest */,
			);
			name = Products;
			sourceTree = "<group>";
		};
		95DC02F7275AD3FA00D2577E /* InfinityMovies */ = {
			isa = PBXGroup;
			children = (
				95DC02F8275AD3FA00D2577E /* AppDelegate.swift */,
				95DC02FA275AD3FA00D2577E /* SceneDelegate.swift */,
				95DC032D275BFD6700D2577E /* Utilities */,
				95DC032A275BFC6400D2577E /* Models */,
				95DC0329275BFC5E00D2577E /* Views */,
				95DC0328275BFC5600D2577E /* Controllers */,
				95DC02FE275AD3FA00D2577E /* Main.storyboard */,
				95DC0301275AD3FC00D2577E /* Assets.xcassets */,
				95DC0303275AD3FC00D2577E /* LaunchScreen.storyboard */,
				95DC0306275AD3FC00D2577E /* Info.plist */,
			);
			path = InfinityMovies;
			sourceTree = "<group>";
		};
		95DC030E275AD3FC00D2577E /* InfinityMoviesTests */ = {
			isa = PBXGroup;
			children = (
				95DC030F275AD3FC00D2577E /* InfinityMoviesTests.swift */,
			);
			path = InfinityMoviesTests;
			sourceTree = "<group>";
		};
		95DC0318275AD3FC00D2577E /* InfinityMoviesUITests */ = {
			isa = PBXGroup;
			children = (
				95DC0319275AD3FC00D2577E /* InfinityMoviesUITests.swift */,
				95DC031B275AD3FC00D2577E /* InfinityMoviesUITestsLaunchTests.swift */,
			);
			path = InfinityMoviesUITests;
			sourceTree = "<group>";
		};
		95DC0328275BFC5600D2577E /* Controllers */ = {
			isa = PBXGroup;
			children = (
				95DC02FC275AD3FA00D2577E /* MovieListVC.swift */,
				95DF072A275C45F900A5713C /* MovieInfoVC.swift */,
			);
			path = Controllers;
			sourceTree = "<group>";
		};
		95DC0329275BFC5E00D2577E /* Views */ = {
			isa = PBXGroup;
			children = (
				95DC0330275C0B3D00D2577E /* MovieCell.swift */,
			);
			path = Views;
			sourceTree = "<group>";
		};
		95DC032A275BFC6400D2577E /* Models */ = {
			isa = PBXGroup;
			children = (
				95DC032B275BFCCE00D2577E /* MovieTableData.swift */,
				95DF0728275C41AC00A5713C /* SingleMovieData.swift */,
			);
			path = Models;
			sourceTree = "<group>";
		};
		95DC032D275BFD6700D2577E /* Utilities */ = {
			isa = PBXGroup;
			children = (
				95DC0332275C15D400D2577E /* APIKEY.txt */,
				95DC032E275BFD7300D2577E /* DataManager.swift */,
				95DF0726275C280100A5713C /* Extensions.swift */,
			);
			path = Utilities;
			sourceTree = "<group>";
		};
/* End PBXGroup section */

/* Begin PBXNativeTarget section */
		95DC02F4275AD3FA00D2577E /* InfinityMovies */ = {
			isa = PBXNativeTarget;
			buildConfigurationList = 95DC031F275AD3FC00D2577E /* Build configuration list for PBXNativeTarget "InfinityMovies" */;
			buildPhases = (
				95DC02F1275AD3FA00D2577E /* Sources */,
				95DC02F2275AD3FA00D2577E /* Frameworks */,
				95DC02F3275AD3FA00D2577E /* Resources */,
			);
			buildRules = (
			);
			dependencies = (
			);
			name = InfinityMovies;
			productName = InfinityMovies;
			productReference = 95DC02F5275AD3FA00D2577E /* InfinityMovies.app */;
			productType = "com.apple.product-type.application";
		};
		95DC030A275AD3FC00D2577E /* InfinityMoviesTests */ = {
			isa = PBXNativeTarget;
			buildConfigurationList = 95DC0322275AD3FC00D2577E /* Build configuration list for PBXNativeTarget "InfinityMoviesTests" */;
			buildPhases = (
				95DC0307275AD3FC00D2577E /* Sources */,
				95DC0308275AD3FC00D2577E /* Frameworks */,
				95DC0309275AD3FC00D2577E /* Resources */,
			);
			buildRules = (
			);
			dependencies = (
				95DC030D275AD3FC00D2577E /* PBXTargetDependency */,
			);
			name = InfinityMoviesTests;
			productName = InfinityMoviesTests;
			productReference = 95DC030B275AD3FC00D2577E /* InfinityMoviesTests.xctest */;
			productType = "com.apple.product-type.bundle.unit-test";
		};
		95DC0314275AD3FC00D2577E /* InfinityMoviesUITests */ = {
			isa = PBXNativeTarget;
			buildConfigurationList = 95DC0325275AD3FC00D2577E /* Build configuration list for PBXNativeTarget "InfinityMoviesUITests" */;
			buildPhases = (
				95DC0311275AD3FC00D2577E /* Sources */,
				95DC0312275AD3FC00D2577E /* Frameworks */,
				95DC0313275AD3FC00D2577E /* Resources */,
			);
			buildRules = (
			);
			dependencies = (
				95DC0317275AD3FC00D2577E /* PBXTargetDependency */,
			);
			name = InfinityMoviesUITests;
			productName = InfinityMoviesUITests;
			productReference = 95DC0315275AD3FC00D2577E /* InfinityMoviesUITests.xctest */;
			productType = "com.apple.product-type.bundle.ui-testing";
		};
/* End PBXNativeTarget section */

/* Begin PBXProject section */
		95DC02ED275AD3FA00D2577E /* Project object */ = {
			isa = PBXProject;
			attributes = {
				BuildIndependentTargetsInParallel = 1;
				LastSwiftUpdateCheck = 1310;
				LastUpgradeCheck = 1310;
				TargetAttributes = {
					95DC02F4275AD3FA00D2577E = {
						CreatedOnToolsVersion = 13.1;
					};
					95DC030A275AD3FC00D2577E = {
						CreatedOnToolsVersion = 13.1;
						TestTargetID = 95DC02F4275AD3FA00D2577E;
					};
					95DC0314275AD3FC00D2577E = {
						CreatedOnToolsVersion = 13.1;
						TestTargetID = 95DC02F4275AD3FA00D2577E;
					};
				};
			};
			buildConfigurationList = 95DC02F0275AD3FA00D2577E /* Build configuration list for PBXProject "InfinityMovies" */;
			compatibilityVersion = "Xcode 13.0";
			developmentRegion = en;
			hasScannedForEncodings = 0;
			knownRegions = (
				en,
				Base,
			);
			mainGroup = 95DC02EC275AD3FA00D2577E;
			productRefGroup = 95DC02F6275AD3FA00D2577E /* Products */;
			projectDirPath = "";
			projectRoot = "";
			targets = (
				95DC02F4275AD3FA00D2577E /* InfinityMovies */,
				95DC030A275AD3FC00D2577E /* InfinityMoviesTests */,
				95DC0314275AD3FC00D2577E /* InfinityMoviesUITests */,
			);
		};
/* End PBXProject section */

/* Begin PBXResourcesBuildPhase section */
		95DC02F3275AD3FA00D2577E /* Resources */ = {
			isa = PBXResourcesBuildPhase;
			buildActionMask = 2147483647;
			files = (
				95DC0305275AD3FC00D2577E /* LaunchScreen.storyboard in Resources */,
				95DC0302275AD3FC00D2577E /* Assets.xcassets in Resources */,
				95DC0300275AD3FA00D2577E /* Main.storyboard in Resources */,
				95DC0333275C15D400D2577E /* APIKEY.txt in Resources */,
			);
			runOnlyForDeploymentPostprocessing = 0;
		};
		95DC0309275AD3FC00D2577E /* Resources */ = {
			isa = PBXResourcesBuildPhase;
			buildActionMask = 2147483647;
			files = (
				95DC0334275C15D400D2577E /* APIKEY.txt in Resources */,
			);
			runOnlyForDeploymentPostprocessing = 0;
		};
		95DC0313275AD3FC00D2577E /* Resources */ = {
			isa = PBXResourcesBuildPhase;
			buildActionMask = 2147483647;
			files = (
				95DC0335275C15D400D2577E /* APIKEY.txt in Resources */,
			);
			runOnlyForDeploymentPostprocessing = 0;
		};
/* End PBXResourcesBuildPhase section */

/* Begin PBXSourcesBuildPhase section */
		95DC02F1275AD3FA00D2577E /* Sources */ = {
			isa = PBXSourcesBuildPhase;
			buildActionMask = 2147483647;
			files = (
				95DC032C275BFCCE00D2577E /* MovieTableData.swift in Sources */,
				95DC032F275BFD7300D2577E /* DataManager.swift in Sources */,
				95DC0331275C0B3D00D2577E /* MovieCell.swift in Sources */,
				95DF072B275C45F900A5713C /* MovieInfoVC.swift in Sources */,
				95DC02FD275AD3FA00D2577E /* MovieListVC.swift in Sources */,
				95DF0729275C41AC00A5713C /* SingleMovieData.swift in Sources */,
				95DC02F9275AD3FA00D2577E /* AppDelegate.swift in Sources */,
				95DC02FB275AD3FA00D2577E /* SceneDelegate.swift in Sources */,
				95DF0727275C280100A5713C /* Extensions.swift in Sources */,
			);
			runOnlyForDeploymentPostprocessing = 0;
		};
		95DC0307275AD3FC00D2577E /* Sources */ = {
			isa = PBXSourcesBuildPhase;
			buildActionMask = 2147483647;
			files = (
				95DC0310275AD3FC00D2577E /* InfinityMoviesTests.swift in Sources */,
			);
			runOnlyForDeploymentPostprocessing = 0;
		};
		95DC0311275AD3FC00D2577E /* Sources */ = {
			isa = PBXSourcesBuildPhase;
			buildActionMask = 2147483647;
			files = (
				95DC031A275AD3FC00D2577E /* InfinityMoviesUITests.swift in Sources */,
				95DC031C275AD3FC00D2577E /* InfinityMoviesUITestsLaunchTests.swift in Sources */,
			);
			runOnlyForDeploymentPostprocessing = 0;
		};
/* End PBXSourcesBuildPhase section */

/* Begin PBXTargetDependency section */
		95DC030D275AD3FC00D2577E /* PBXTargetDependency */ = {
			isa = PBXTargetDependency;
			target = 95DC02F4275AD3FA00D2577E /* InfinityMovies */;
			targetProxy = 95DC030C275AD3FC00D2577E /* PBXContainerItemProxy */;
		};
		95DC0317275AD3FC00D2577E /* PBXTargetDependency */ = {
			isa = PBXTargetDependency;
			target = 95DC02F4275AD3FA00D2577E /* InfinityMovies */;
			targetProxy = 95DC0316275AD3FC00D2577E /* PBXContainerItemProxy */;
		};
/* End PBXTargetDependency section */

/* Begin PBXVariantGroup section */
		95DC02FE275AD3FA00D2577E /* Main.storyboard */ = {
			isa = PBXVariantGroup;
			children = (
				95DC02FF275AD3FA00D2577E /* Base */,
			);
			name = Main.storyboard;
			sourceTree = "<group>";
		};
		95DC0303275AD3FC00D2577E /* LaunchScreen.storyboard */ = {
			isa = PBXVariantGroup;
			children = (
				95DC0304275AD3FC00D2577E /* Base */,
			);
			name = LaunchScreen.storyboard;
			sourceTree = "<group>";
		};
/* End PBXVariantGroup section */

/* Begin XCBuildConfiguration section */
		95DC031D275AD3FC00D2577E /* Debug */ = {
			isa = XCBuildConfiguration;
			buildSettings = {
				ALWAYS_SEARCH_USER_PATHS = NO;
				CLANG_ANALYZER_NONNULL = YES;
				CLANG_ANALYZER_NUMBER_OBJECT_CONVERSION = YES_AGGRESSIVE;
				CLANG_CXX_LANGUAGE_STANDARD = "gnu++17";
				CLANG_CXX_LIBRARY = "libc++";
				CLANG_ENABLE_MODULES = YES;
				CLANG_ENABLE_OBJC_ARC = YES;
				CLANG_ENABLE_OBJC_WEAK = YES;
				CLANG_WARN_BLOCK_CAPTURE_AUTORELEASING = YES;
				CLANG_WARN_BOOL_CONVERSION = YES;
				CLANG_WARN_COMMA = YES;
				CLANG_WARN_CONSTANT_CONVERSION = YES;
				CLANG_WARN_DEPRECATED_OBJC_IMPLEMENTATIONS = YES;
				CLANG_WARN_DIRECT_OBJC_ISA_USAGE = YES_ERROR;
				CLANG_WARN_DOCUMENTATION_COMMENTS = YES;
				CLANG_WARN_EMPTY_BODY = YES;
				CLANG_WARN_ENUM_CONVERSION = YES;
				CLANG_WARN_INFINITE_RECURSION = YES;
				CLANG_WARN_INT_CONVERSION = YES;
				CLANG_WARN_NON_LITERAL_NULL_CONVERSION = YES;
				CLANG_WARN_OBJC_IMPLICIT_RETAIN_SELF = YES;
				CLANG_WARN_OBJC_LITERAL_CONVERSION = YES;
				CLANG_WARN_OBJC_ROOT_CLASS = YES_ERROR;
				CLANG_WARN_QUOTED_INCLUDE_IN_FRAMEWORK_HEADER = YES;
				CLANG_WARN_RANGE_LOOP_ANALYSIS = YES;
				CLANG_WARN_STRICT_PROTOTYPES = YES;
				CLANG_WARN_SUSPICIOUS_MOVE = YES;
				CLANG_WARN_UNGUARDED_AVAILABILITY = YES_AGGRESSIVE;
				CLANG_WARN_UNREACHABLE_CODE = YES;
				CLANG_WARN__DUPLICATE_METHOD_MATCH = YES;
				COPY_PHASE_STRIP = NO;
				DEBUG_INFORMATION_FORMAT = dwarf;
				ENABLE_STRICT_OBJC_MSGSEND = YES;
				ENABLE_TESTABILITY = YES;
				GCC_C_LANGUAGE_STANDARD = gnu11;
				GCC_DYNAMIC_NO_PIC = NO;
				GCC_NO_COMMON_BLOCKS = YES;
				GCC_OPTIMIZATION_LEVEL = 0;
				GCC_PREPROCESSOR_DEFINITIONS = (
					"DEBUG=1",
					"$(inherited)",
				);
				GCC_WARN_64_TO_32_BIT_CONVERSION = YES;
				GCC_WARN_ABOUT_RETURN_TYPE = YES_ERROR;
				GCC_WARN_UNDECLARED_SELECTOR = YES;
				GCC_WARN_UNINITIALIZED_AUTOS = YES_AGGRESSIVE;
				GCC_WARN_UNUSED_FUNCTION = YES;
				GCC_WARN_UNUSED_VARIABLE = YES;
				IPHONEOS_DEPLOYMENT_TARGET = 15.0;
				MTL_ENABLE_DEBUG_INFO = INCLUDE_SOURCE;
				MTL_FAST_MATH = YES;
				ONLY_ACTIVE_ARCH = YES;
				SDKROOT = iphoneos;
				SWIFT_ACTIVE_COMPILATION_CONDITIONS = DEBUG;
				SWIFT_OPTIMIZATION_LEVEL = "-Onone";
			};
			name = Debug;
		};
		95DC031E275AD3FC00D2577E /* Release */ = {
			isa = XCBuildConfiguration;
			buildSettings = {
				ALWAYS_SEARCH_USER_PATHS = NO;
				CLANG_ANALYZER_NONNULL = YES;
				CLANG_ANALYZER_NUMBER_OBJECT_CONVERSION = YES_AGGRESSIVE;
				CLANG_CXX_LANGUAGE_STANDARD = "gnu++17";
				CLANG_CXX_LIBRARY = "libc++";
				CLANG_ENABLE_MODULES = YES;
				CLANG_ENABLE_OBJC_ARC = YES;
				CLANG_ENABLE_OBJC_WEAK = YES;
				CLANG_WARN_BLOCK_CAPTURE_AUTORELEASING = YES;
				CLANG_WARN_BOOL_CONVERSION = YES;
				CLANG_WARN_COMMA = YES;
				CLANG_WARN_CONSTANT_CONVERSION = YES;
				CLANG_WARN_DEPRECATED_OBJC_IMPLEMENTATIONS = YES;
				CLANG_WARN_DIRECT_OBJC_ISA_USAGE = YES_ERROR;
				CLANG_WARN_DOCUMENTATION_COMMENTS = YES;
				CLANG_WARN_EMPTY_BODY = YES;
				CLANG_WARN_ENUM_CONVERSION = YES;
				CLANG_WARN_INFINITE_RECURSION = YES;
				CLANG_WARN_INT_CONVERSION = YES;
				CLANG_WARN_NON_LITERAL_NULL_CONVERSION = YES;
				CLANG_WARN_OBJC_IMPLICIT_RETAIN_SELF = YES;
				CLANG_WARN_OBJC_LITERAL_CONVERSION = YES;
				CLANG_WARN_OBJC_ROOT_CLASS = YES_ERROR;
				CLANG_WARN_QUOTED_INCLUDE_IN_FRAMEWORK_HEADER = YES;
				CLANG_WARN_RANGE_LOOP_ANALYSIS = YES;
				CLANG_WARN_STRICT_PROTOTYPES = YES;
				CLANG_WARN_SUSPICIOUS_MOVE = YES;
				CLANG_WARN_UNGUARDED_AVAILABILITY = YES_AGGRESSIVE;
				CLANG_WARN_UNREACHABLE_CODE = YES;
				CLANG_WARN__DUPLICATE_METHOD_MATCH = YES;
				COPY_PHASE_STRIP = NO;
				DEBUG_INFORMATION_FORMAT = "dwarf-with-dsym";
				ENABLE_NS_ASSERTIONS = NO;
				ENABLE_STRICT_OBJC_MSGSEND = YES;
				GCC_C_LANGUAGE_STANDARD = gnu11;
				GCC_NO_COMMON_BLOCKS = YES;
				GCC_WARN_64_TO_32_BIT_CONVERSION = YES;
				GCC_WARN_ABOUT_RETURN_TYPE = YES_ERROR;
				GCC_WARN_UNDECLARED_SELECTOR = YES;
				GCC_WARN_UNINITIALIZED_AUTOS = YES_AGGRESSIVE;
				GCC_WARN_UNUSED_FUNCTION = YES;
				GCC_WARN_UNUSED_VARIABLE = YES;
				IPHONEOS_DEPLOYMENT_TARGET = 15.0;
				MTL_ENABLE_DEBUG_INFO = NO;
				MTL_FAST_MATH = YES;
				SDKROOT = iphoneos;
				SWIFT_COMPILATION_MODE = wholemodule;
				SWIFT_OPTIMIZATION_LEVEL = "-O";
				VALIDATE_PRODUCT = YES;
			};
			name = Release;
		};
		95DC0320275AD3FC00D2577E /* Debug */ = {
			isa = XCBuildConfiguration;
			buildSettings = {
				ASSETCATALOG_COMPILER_APPICON_NAME = AppIcon;
				ASSETCATALOG_COMPILER_GLOBAL_ACCENT_COLOR_NAME = AccentColor;
				CODE_SIGN_STYLE = Automatic;
				CURRENT_PROJECT_VERSION = 1;
				DEVELOPMENT_TEAM = BW3C2GGWGE;
				GENERATE_INFOPLIST_FILE = YES;
				INFOPLIST_FILE = InfinityMovies/Info.plist;
				INFOPLIST_KEY_UIApplicationSupportsIndirectInputEvents = YES;
				INFOPLIST_KEY_UILaunchStoryboardName = LaunchScreen;
				INFOPLIST_KEY_UIMainStoryboardFile = Main;
				INFOPLIST_KEY_UISupportedInterfaceOrientations = UIInterfaceOrientationPortrait;
				INFOPLIST_KEY_UISupportedInterfaceOrientations_iPad = "UIInterfaceOrientationPortrait UIInterfaceOrientationPortraitUpsideDown UIInterfaceOrientationLandscapeLeft UIInterfaceOrientationLandscapeRight";
				INFOPLIST_KEY_UISupportedInterfaceOrientations_iPhone = "UIInterfaceOrientationPortrait UIInterfaceOrientationLandscapeLeft UIInterfaceOrientationLandscapeRight";
				LD_RUNPATH_SEARCH_PATHS = (
					"$(inherited)",
					"@executable_path/Frameworks",
				);
				MARKETING_VERSION = 1.0;
				PRODUCT_BUNDLE_IDENTIFIER = com.IronHacker.InfinityMovies;
				PRODUCT_NAME = "$(TARGET_NAME)";
				SWIFT_EMIT_LOC_STRINGS = YES;
				SWIFT_VERSION = 5.0;
				TARGETED_DEVICE_FAMILY = "1,2";
			};
			name = Debug;
		};
		95DC0321275AD3FC00D2577E /* Release */ = {
			isa = XCBuildConfiguration;
			buildSettings = {
				ASSETCATALOG_COMPILER_APPICON_NAME = AppIcon;
				ASSETCATALOG_COMPILER_GLOBAL_ACCENT_COLOR_NAME = AccentColor;
				CODE_SIGN_STYLE = Automatic;
				CURRENT_PROJECT_VERSION = 1;
				DEVELOPMENT_TEAM = BW3C2GGWGE;
				GENERATE_INFOPLIST_FILE = YES;
				INFOPLIST_FILE = InfinityMovies/Info.plist;
				INFOPLIST_KEY_UIApplicationSupportsIndirectInputEvents = YES;
				INFOPLIST_KEY_UILaunchStoryboardName = LaunchScreen;
				INFOPLIST_KEY_UIMainStoryboardFile = Main;
				INFOPLIST_KEY_UISupportedInterfaceOrientations = UIInterfaceOrientationPortrait;
				INFOPLIST_KEY_UISupportedInterfaceOrientations_iPad = "UIInterfaceOrientationPortrait UIInterfaceOrientationPortraitUpsideDown UIInterfaceOrientationLandscapeLeft UIInterfaceOrientationLandscapeRight";
				INFOPLIST_KEY_UISupportedInterfaceOrientations_iPhone = "UIInterfaceOrientationPortrait UIInterfaceOrientationLandscapeLeft UIInterfaceOrientationLandscapeRight";
				LD_RUNPATH_SEARCH_PATHS = (
					"$(inherited)",
					"@executable_path/Frameworks",
				);
				MARKETING_VERSION = 1.0;
				PRODUCT_BUNDLE_IDENTIFIER = com.IronHacker.InfinityMovies;
				PRODUCT_NAME = "$(TARGET_NAME)";
				SWIFT_EMIT_LOC_STRINGS = YES;
				SWIFT_VERSION = 5.0;
				TARGETED_DEVICE_FAMILY = "1,2";
			};
			name = Release;
		};
		95DC0323275AD3FC00D2577E /* Debug */ = {
			isa = XCBuildConfiguration;
			buildSettings = {
				ALWAYS_EMBED_SWIFT_STANDARD_LIBRARIES = YES;
				BUNDLE_LOADER = "$(TEST_HOST)";
				CODE_SIGN_STYLE = Automatic;
				CURRENT_PROJECT_VERSION = 1;
				DEVELOPMENT_TEAM = BW3C2GGWGE;
				GENERATE_INFOPLIST_FILE = YES;
				IPHONEOS_DEPLOYMENT_TARGET = 15.0;
				LD_RUNPATH_SEARCH_PATHS = (
					"$(inherited)",
					"@executable_path/Frameworks",
					"@loader_path/Frameworks",
				);
				MARKETING_VERSION = 1.0;
				PRODUCT_BUNDLE_IDENTIFIER = com.IronHacker.InfinityMoviesTests;
				PRODUCT_NAME = "$(TARGET_NAME)";
				SWIFT_EMIT_LOC_STRINGS = NO;
				SWIFT_VERSION = 5.0;
				TARGETED_DEVICE_FAMILY = "1,2";
				TEST_HOST = "$(BUILT_PRODUCTS_DIR)/InfinityMovies.app/InfinityMovies";
			};
			name = Debug;
		};
		95DC0324275AD3FC00D2577E /* Release */ = {
			isa = XCBuildConfiguration;
			buildSettings = {
				ALWAYS_EMBED_SWIFT_STANDARD_LIBRARIES = YES;
				BUNDLE_LOADER = "$(TEST_HOST)";
				CODE_SIGN_STYLE = Automatic;
				CURRENT_PROJECT_VERSION = 1;
				DEVELOPMENT_TEAM = BW3C2GGWGE;
				GENERATE_INFOPLIST_FILE = YES;
				IPHONEOS_DEPLOYMENT_TARGET = 15.0;
				LD_RUNPATH_SEARCH_PATHS = (
					"$(inherited)",
					"@executable_path/Frameworks",
					"@loader_path/Frameworks",
				);
				MARKETING_VERSION = 1.0;
				PRODUCT_BUNDLE_IDENTIFIER = com.IronHacker.InfinityMoviesTests;
				PRODUCT_NAME = "$(TARGET_NAME)";
				SWIFT_EMIT_LOC_STRINGS = NO;
				SWIFT_VERSION = 5.0;
				TARGETED_DEVICE_FAMILY = "1,2";
				TEST_HOST = "$(BUILT_PRODUCTS_DIR)/InfinityMovies.app/InfinityMovies";
			};
			name = Release;
		};
		95DC0326275AD3FC00D2577E /* Debug */ = {
			isa = XCBuildConfiguration;
			buildSettings = {
				ALWAYS_EMBED_SWIFT_STANDARD_LIBRARIES = YES;
				CODE_SIGN_STYLE = Automatic;
				CURRENT_PROJECT_VERSION = 1;
				DEVELOPMENT_TEAM = BW3C2GGWGE;
				GENERATE_INFOPLIST_FILE = YES;
				LD_RUNPATH_SEARCH_PATHS = (
					"$(inherited)",
					"@executable_path/Frameworks",
					"@loader_path/Frameworks",
				);
				MARKETING_VERSION = 1.0;
				PRODUCT_BUNDLE_IDENTIFIER = com.IronHacker.InfinityMoviesUITests;
				PRODUCT_NAME = "$(TARGET_NAME)";
				SWIFT_EMIT_LOC_STRINGS = NO;
				SWIFT_VERSION = 5.0;
				TARGETED_DEVICE_FAMILY = "1,2";
				TEST_TARGET_NAME = InfinityMovies;
			};
			name = Debug;
		};
		95DC0327275AD3FC00D2577E /* Release */ = {
			isa = XCBuildConfiguration;
			buildSettings = {
				ALWAYS_EMBED_SWIFT_STANDARD_LIBRARIES = YES;
				CODE_SIGN_STYLE = Automatic;
				CURRENT_PROJECT_VERSION = 1;
				DEVELOPMENT_TEAM = BW3C2GGWGE;
				GENERATE_INFOPLIST_FILE = YES;
				LD_RUNPATH_SEARCH_PATHS = (
					"$(inherited)",
					"@executable_path/Frameworks",
					"@loader_path/Frameworks",
				);
				MARKETING_VERSION = 1.0;
				PRODUCT_BUNDLE_IDENTIFIER = com.IronHacker.InfinityMoviesUITests;
				PRODUCT_NAME = "$(TARGET_NAME)";
				SWIFT_EMIT_LOC_STRINGS = NO;
				SWIFT_VERSION = 5.0;
				TARGETED_DEVICE_FAMILY = "1,2";
				TEST_TARGET_NAME = InfinityMovies;
			};
			name = Release;
		};
/* End XCBuildConfiguration section */

/* Begin XCConfigurationList section */
		95DC02F0275AD3FA00D2577E /* Build configuration list for PBXProject "InfinityMovies" */ = {
			isa = XCConfigurationList;
			buildConfigurations = (
				95DC031D275AD3FC00D2577E /* Debug */,
				95DC031E275AD3FC00D2577E /* Release */,
			);
			defaultConfigurationIsVisible = 0;
			defaultConfigurationName = Release;
		};
		95DC031F275AD3FC00D2577E /* Build configuration list for PBXNativeTarget "InfinityMovies" */ = {
			isa = XCConfigurationList;
			buildConfigurations = (
				95DC0320275AD3FC00D2577E /* Debug */,
				95DC0321275AD3FC00D2577E /* Release */,
			);
			defaultConfigurationIsVisible = 0;
			defaultConfigurationName = Release;
		};
		95DC0322275AD3FC00D2577E /* Build configuration list for PBXNativeTarget "InfinityMoviesTests" */ = {
			isa = XCConfigurationList;
			buildConfigurations = (
				95DC0323275AD3FC00D2577E /* Debug */,
				95DC0324275AD3FC00D2577E /* Release */,
			);
			defaultConfigurationIsVisible = 0;
			defaultConfigurationName = Release;
		};
		95DC0325275AD3FC00D2577E /* Build configuration list for PBXNativeTarget "InfinityMoviesUITests" */ = {
			isa = XCConfigurationList;
			buildConfigurations = (
				95DC0326275AD3FC00D2577E /* Debug */,
				95DC0327275AD3FC00D2577E /* Release */,
			);
			defaultConfigurationIsVisible = 0;
			defaultConfigurationName = Release;
		};
/* End XCConfigurationList section */
	};
	rootObject = 95DC02ED275AD3FA00D2577E /* Project object */;
}
